
Microsoft Visual Studio Solution File, Format Version 12.00
# Visual Studio 15
VisualStudioVersion = 15.0.27428.2037
MinimumVisualStudioVersion = 10.0.40219.1
Project("{FAE04EC0-301F-11D3-BF4B-00C04F79EFBC}") = "Farming", "Farming\Farming.csproj", "{F3E5E4D5-738E-4F1A-A29B-DFD0724E4360}"
EndProject
Global
	GlobalSection(SolutionConfigurationPlatforms) = preSolution
		Debug|Any CPU = Debug|Any CPU
		Release|Any CPU = Release|Any CPU
	EndGlobalSection
	GlobalSection(ProjectConfigurationPlatforms) = postSolution
		{F3E5E4D5-738E-4F1A-A29B-DFD0724E4360}.Debug|Any CPU.ActiveCfg = Debug|Any CPU
		{F3E5E4D5-738E-4F1A-A29B-DFD0724E4360}.Debug|Any CPU.Build.0 = Debug|Any CPU
		{F3E5E4D5-738E-4F1A-A29B-DFD0724E4360}.Release|Any CPU.ActiveCfg = Release|Any CPU
		{F3E5E4D5-738E-4F1A-A29B-DFD0724E4360}.Release|Any CPU.Build.0 = Release|Any CPU
	EndGlobalSection
	GlobalSection(SolutionProperties) = preSolution
		HideSolutionNode = FALSE
	EndGlobalSection
	GlobalSection(ExtensibilityGlobals) = postSolution
		SolutionGuid = {695BCB31-AC96-48E0-B87D-724BFD3FFE3F}
	EndGlobalSection
EndGlobal
